
Microsoft Visual Studio Solution File, Format Version 12.00
# Visual Studio 15
VisualStudioVersion = 15.0.28307.102
MinimumVisualStudioVersion = 10.0.40219.1
Project("{8BC9CEB8-8B4A-11D0-8D11-00A0C91BC942}") = "4.6", "4.6\4.6.vcxproj", "{F0667C37-EFB3-466A-AE48-EC6914CE0351}"
EndProject
Global
	GlobalSection(SolutionConfigurationPlatforms) = preSolution
		Debug|x64 = Debug|x64
		Debug|x86 = Debug|x86
		Release|x64 = Release|x64
		Release|x86 = Release|x86
	EndGlobalSection
	GlobalSection(ProjectConfigurationPlatforms) = postSolution
		{F0667C37-EFB3-466A-AE48-EC6914CE0351}.Debug|x64.ActiveCfg = Debug|x64
		{F0667C37-EFB3-466A-AE48-EC6914CE0351}.Debug|x64.Build.0 = Debug|x64
		{F0667C37-EFB3-466A-AE48-EC6914CE0351}.Debug|x86.ActiveCfg = Debug|Win32
		{F0667C37-EFB3-466A-AE48-EC6914CE0351}.Debug|x86.Build.0 = Debug|Win32
		{F0667C37-EFB3-466A-AE48-EC6914CE0351}.Release|x64.ActiveCfg = Release|x64
		{F0667C37-EFB3-466A-AE48-EC6914CE0351}.Release|x64.Build.0 = Release|x64
		{F0667C37-EFB3-466A-AE48-EC6914CE0351}.Release|x86.ActiveCfg = Release|Win32
		{F0667C37-EFB3-466A-AE48-EC6914CE0351}.Release|x86.Build.0 = Release|Win32
	EndGlobalSection
	GlobalSection(SolutionProperties) = preSolution
		HideSolutionNode = FALSE
	EndGlobalSection
	GlobalSection(ExtensibilityGlobals) = postSolution
		SolutionGuid = {2CC823AC-8372-4089-BEEF-E45ADB2026C8}
	EndGlobalSection
EndGlobal
