
Microsoft Visual Studio Solution File, Format Version 12.00
# Visual Studio 15
VisualStudioVersion = 15.0.28307.106
MinimumVisualStudioVersion = 10.0.40219.1
Project("{8BC9CEB8-8B4A-11D0-8D11-00A0C91BC942}") = "5.1", "5.1\5.1.vcxproj", "{0F129F53-3CE0-4FDC-AEFB-F9BE5017E7C1}"
EndProject
Project("{8BC9CEB8-8B4A-11D0-8D11-00A0C91BC942}") = "5.2", "5.2\5.2.vcxproj", "{D27C4B64-1E0C-422C-B551-22BDF358A8E9}"
EndProject
Project("{8BC9CEB8-8B4A-11D0-8D11-00A0C91BC942}") = "5.3", "5.3\5.3.vcxproj", "{999405D1-2737-4B64-964B-049C562F1C0C}"
EndProject
Project("{8BC9CEB8-8B4A-11D0-8D11-00A0C91BC942}") = "5.4", "5.4\5.4.vcxproj", "{68755517-D3C9-4B45-9C81-7468CC91A95E}"
EndProject
Project("{8BC9CEB8-8B4A-11D0-8D11-00A0C91BC942}") = "5.3.1", "5.3.1\5.3.1.vcxproj", "{1F1A43D2-3906-4962-8AE5-511A2F4FEE69}"
EndProject
Project("{8BC9CEB8-8B4A-11D0-8D11-00A0C91BC942}") = "5.5", "5.5\5.5.vcxproj", "{F3316B94-615F-4C2F-8690-7D5E8EB4A057}"
EndProject
Project("{8BC9CEB8-8B4A-11D0-8D11-00A0C91BC942}") = "5.6", "5.6\5.6.vcxproj", "{736B1546-321E-458C-AF3E-41F72FA9F546}"
EndProject
Project("{8BC9CEB8-8B4A-11D0-8D11-00A0C91BC942}") = "5.7", "5.7\5.7.vcxproj", "{B87EA055-5FB5-4E87-9FAD-AAA4E6615374}"
EndProject
Project("{8BC9CEB8-8B4A-11D0-8D11-00A0C91BC942}") = "5.8", "5.8\5.8.vcxproj", "{6A079F5A-D7B1-4D48-941B-1DC0B2F87EB4}"
EndProject
Project("{8BC9CEB8-8B4A-11D0-8D11-00A0C91BC942}") = "5.9", "5.9\5.9.vcxproj", "{945215EC-873E-4552-9BB2-EDD02A55EF40}"
EndProject
Project("{8BC9CEB8-8B4A-11D0-8D11-00A0C91BC942}") = "5.4.1", "5.4.1\5.4.1.vcxproj", "{9B243A40-611F-476B-BC06-673A3B401CAE}"
EndProject
Global
	GlobalSection(SolutionConfigurationPlatforms) = preSolution
		Debug|x64 = Debug|x64
		Debug|x86 = Debug|x86
		Release|x64 = Release|x64
		Release|x86 = Release|x86
	EndGlobalSection
	GlobalSection(ProjectConfigurationPlatforms) = postSolution
		{0F129F53-3CE0-4FDC-AEFB-F9BE5017E7C1}.Debug|x64.ActiveCfg = Debug|x64
		{0F129F53-3CE0-4FDC-AEFB-F9BE5017E7C1}.Debug|x64.Build.0 = Debug|x64
		{0F129F53-3CE0-4FDC-AEFB-F9BE5017E7C1}.Debug|x86.ActiveCfg = Debug|Win32
		{0F129F53-3CE0-4FDC-AEFB-F9BE5017E7C1}.Debug|x86.Build.0 = Debug|Win32
		{0F129F53-3CE0-4FDC-AEFB-F9BE5017E7C1}.Release|x64.ActiveCfg = Release|x64
		{0F129F53-3CE0-4FDC-AEFB-F9BE5017E7C1}.Release|x64.Build.0 = Release|x64
		{0F129F53-3CE0-4FDC-AEFB-F9BE5017E7C1}.Release|x86.ActiveCfg = Release|Win32
		{0F129F53-3CE0-4FDC-AEFB-F9BE5017E7C1}.Release|x86.Build.0 = Release|Win32
		{D27C4B64-1E0C-422C-B551-22BDF358A8E9}.Debug|x64.ActiveCfg = Debug|x64
		{D27C4B64-1E0C-422C-B551-22BDF358A8E9}.Debug|x64.Build.0 = Debug|x64
		{D27C4B64-1E0C-422C-B551-22BDF358A8E9}.Debug|x86.ActiveCfg = Debug|Win32
		{D27C4B64-1E0C-422C-B551-22BDF358A8E9}.Debug|x86.Build.0 = Debug|Win32
		{D27C4B64-1E0C-422C-B551-22BDF358A8E9}.Release|x64.ActiveCfg = Release|x64
		{D27C4B64-1E0C-422C-B551-22BDF358A8E9}.Release|x64.Build.0 = Release|x64
		{D27C4B64-1E0C-422C-B551-22BDF358A8E9}.Release|x86.ActiveCfg = Release|Win32
		{D27C4B64-1E0C-422C-B551-22BDF358A8E9}.Release|x86.Build.0 = Release|Win32
		{999405D1-2737-4B64-964B-049C562F1C0C}.Debug|x64.ActiveCfg = Debug|x64
		{999405D1-2737-4B64-964B-049C562F1C0C}.Debug|x64.Build.0 = Debug|x64
		{999405D1-2737-4B64-964B-049C562F1C0C}.Debug|x86.ActiveCfg = Debug|Win32
		{999405D1-2737-4B64-964B-049C562F1C0C}.Debug|x86.Build.0 = Debug|Win32
		{999405D1-2737-4B64-964B-049C562F1C0C}.Release|x64.ActiveCfg = Release|x64
		{999405D1-2737-4B64-964B-049C562F1C0C}.Release|x64.Build.0 = Release|x64
		{999405D1-2737-4B64-964B-049C562F1C0C}.Release|x86.ActiveCfg = Release|Win32
		{999405D1-2737-4B64-964B-049C562F1C0C}.Release|x86.Build.0 = Release|Win32
		{68755517-D3C9-4B45-9C81-7468CC91A95E}.Debug|x64.ActiveCfg = Debug|x64
		{68755517-D3C9-4B45-9C81-7468CC91A95E}.Debug|x64.Build.0 = Debug|x64
		{68755517-D3C9-4B45-9C81-7468CC91A95E}.Debug|x86.ActiveCfg = Debug|Win32
		{68755517-D3C9-4B45-9C81-7468CC91A95E}.Debug|x86.Build.0 = Debug|Win32
		{68755517-D3C9-4B45-9C81-7468CC91A95E}.Release|x64.ActiveCfg = Release|x64
		{68755517-D3C9-4B45-9C81-7468CC91A95E}.Release|x64.Build.0 = Release|x64
		{68755517-D3C9-4B45-9C81-7468CC91A95E}.Release|x86.ActiveCfg = Release|Win32
		{68755517-D3C9-4B45-9C81-7468CC91A95E}.Release|x86.Build.0 = Release|Win32
		{1F1A43D2-3906-4962-8AE5-511A2F4FEE69}.Debug|x64.ActiveCfg = Debug|x64
		{1F1A43D2-3906-4962-8AE5-511A2F4FEE69}.Debug|x64.Build.0 = Debug|x64
		{1F1A43D2-3906-4962-8AE5-511A2F4FEE69}.Debug|x86.ActiveCfg = Debug|Win32
		{1F1A43D2-3906-4962-8AE5-511A2F4FEE69}.Debug|x86.Build.0 = Debug|Win32
		{1F1A43D2-3906-4962-8AE5-511A2F4FEE69}.Release|x64.ActiveCfg = Release|x64
		{1F1A43D2-3906-4962-8AE5-511A2F4FEE69}.Release|x64.Build.0 = Release|x64
		{1F1A43D2-3906-4962-8AE5-511A2F4FEE69}.Release|x86.ActiveCfg = Release|Win32
		{1F1A43D2-3906-4962-8AE5-511A2F4FEE69}.Release|x86.Build.0 = Release|Win32
		{F3316B94-615F-4C2F-8690-7D5E8EB4A057}.Debug|x64.ActiveCfg = Debug|x64
		{F3316B94-615F-4C2F-8690-7D5E8EB4A057}.Debug|x64.Build.0 = Debug|x64
		{F3316B94-615F-4C2F-8690-7D5E8EB4A057}.Debug|x86.ActiveCfg = Debug|Win32
		{F3316B94-615F-4C2F-8690-7D5E8EB4A057}.Debug|x86.Build.0 = Debug|Win32
		{F3316B94-615F-4C2F-8690-7D5E8EB4A057}.Release|x64.ActiveCfg = Release|x64
		{F3316B94-615F-4C2F-8690-7D5E8EB4A057}.Release|x64.Build.0 = Release|x64
		{F3316B94-615F-4C2F-8690-7D5E8EB4A057}.Release|x86.ActiveCfg = Release|Win32
		{F3316B94-615F-4C2F-8690-7D5E8EB4A057}.Release|x86.Build.0 = Release|Win32
		{736B1546-321E-458C-AF3E-41F72FA9F546}.Debug|x64.ActiveCfg = Debug|x64
		{736B1546-321E-458C-AF3E-41F72FA9F546}.Debug|x64.Build.0 = Debug|x64
		{736B1546-321E-458C-AF3E-41F72FA9F546}.Debug|x86.ActiveCfg = Debug|Win32
		{736B1546-321E-458C-AF3E-41F72FA9F546}.Debug|x86.Build.0 = Debug|Win32
		{736B1546-321E-458C-AF3E-41F72FA9F546}.Release|x64.ActiveCfg = Release|x64
		{736B1546-321E-458C-AF3E-41F72FA9F546}.Release|x64.Build.0 = Release|x64
		{736B1546-321E-458C-AF3E-41F72FA9F546}.Release|x86.ActiveCfg = Release|Win32
		{736B1546-321E-458C-AF3E-41F72FA9F546}.Release|x86.Build.0 = Release|Win32
		{B87EA055-5FB5-4E87-9FAD-AAA4E6615374}.Debug|x64.ActiveCfg = Debug|x64
		{B87EA055-5FB5-4E87-9FAD-AAA4E6615374}.Debug|x64.Build.0 = Debug|x64
		{B87EA055-5FB5-4E87-9FAD-AAA4E6615374}.Debug|x86.ActiveCfg = Debug|Win32
		{B87EA055-5FB5-4E87-9FAD-AAA4E6615374}.Debug|x86.Build.0 = Debug|Win32
		{B87EA055-5FB5-4E87-9FAD-AAA4E6615374}.Release|x64.ActiveCfg = Release|x64
		{B87EA055-5FB5-4E87-9FAD-AAA4E6615374}.Release|x64.Build.0 = Release|x64
		{B87EA055-5FB5-4E87-9FAD-AAA4E6615374}.Release|x86.ActiveCfg = Release|Win32
		{B87EA055-5FB5-4E87-9FAD-AAA4E6615374}.Release|x86.Build.0 = Release|Win32
		{6A079F5A-D7B1-4D48-941B-1DC0B2F87EB4}.Debug|x64.ActiveCfg = Debug|x64
		{6A079F5A-D7B1-4D48-941B-1DC0B2F87EB4}.Debug|x64.Build.0 = Debug|x64
		{6A079F5A-D7B1-4D48-941B-1DC0B2F87EB4}.Debug|x86.ActiveCfg = Debug|Win32
		{6A079F5A-D7B1-4D48-941B-1DC0B2F87EB4}.Debug|x86.Build.0 = Debug|Win32
		{6A079F5A-D7B1-4D48-941B-1DC0B2F87EB4}.Release|x64.ActiveCfg = Release|x64
		{6A079F5A-D7B1-4D48-941B-1DC0B2F87EB4}.Release|x64.Build.0 = Release|x64
		{6A079F5A-D7B1-4D48-941B-1DC0B2F87EB4}.Release|x86.ActiveCfg = Release|Win32
		{6A079F5A-D7B1-4D48-941B-1DC0B2F87EB4}.Release|x86.Build.0 = Release|Win32
		{945215EC-873E-4552-9BB2-EDD02A55EF40}.Debug|x64.ActiveCfg = Debug|x64
		{945215EC-873E-4552-9BB2-EDD02A55EF40}.Debug|x64.Build.0 = Debug|x64
		{945215EC-873E-4552-9BB2-EDD02A55EF40}.Debug|x86.ActiveCfg = Debug|Win32
		{945215EC-873E-4552-9BB2-EDD02A55EF40}.Debug|x86.Build.0 = Debug|Win32
		{945215EC-873E-4552-9BB2-EDD02A55EF40}.Release|x64.ActiveCfg = Release|x64
		{945215EC-873E-4552-9BB2-EDD02A55EF40}.Release|x64.Build.0 = Release|x64
		{945215EC-873E-4552-9BB2-EDD02A55EF40}.Release|x86.ActiveCfg = Release|Win32
		{945215EC-873E-4552-9BB2-EDD02A55EF40}.Release|x86.Build.0 = Release|Win32
		{9B243A40-611F-476B-BC06-673A3B401CAE}.Debug|x64.ActiveCfg = Debug|x64
		{9B243A40-611F-476B-BC06-673A3B401CAE}.Debug|x64.Build.0 = Debug|x64
		{9B243A40-611F-476B-BC06-673A3B401CAE}.Debug|x86.ActiveCfg = Debug|Win32
		{9B243A40-611F-476B-BC06-673A3B401CAE}.Debug|x86.Build.0 = Debug|Win32
		{9B243A40-611F-476B-BC06-673A3B401CAE}.Release|x64.ActiveCfg = Release|x64
		{9B243A40-611F-476B-BC06-673A3B401CAE}.Release|x64.Build.0 = Release|x64
		{9B243A40-611F-476B-BC06-673A3B401CAE}.Release|x86.ActiveCfg = Release|Win32
		{9B243A40-611F-476B-BC06-673A3B401CAE}.Release|x86.Build.0 = Release|Win32
	EndGlobalSection
	GlobalSection(SolutionProperties) = preSolution
		HideSolutionNode = FALSE
	EndGlobalSection
	GlobalSection(ExtensibilityGlobals) = postSolution
		SolutionGuid = {6AF2D79B-9220-4351-AE51-FF74FC7CC99F}
	EndGlobalSection
EndGlobal
